// !$*UTF8*$!
{
	archiveVersion = 1;
	classes = {
	};
	objectVersion = 56;
	objects = {

/* Begin PBXBuildFile section */
		2F5EDE352A2F5D8600707DCB /* testappdApp.swift in Sources */ = {isa = PBXBuildFile; fileRef = 2F5EDE342A2F5D8600707DCB /* testappdApp.swift */; };
		2F5EDE372A2F5D8600707DCB /* ContentView.swift in Sources */ = {isa = PBXBuildFile; fileRef = 2F5EDE362A2F5D8600707DCB /* ContentView.swift */; };
		2F5EDE392A2F5D8800707DCB /* Assets.xcassets in Resources */ = {isa = PBXBuildFile; fileRef = 2F5EDE382A2F5D8800707DCB /* Assets.xcassets */; };
		2F5EDE3C2A2F5D8800707DCB /* Preview Assets.xcassets in Resources */ = {isa = PBXBuildFile; fileRef = 2F5EDE3B2A2F5D8800707DCB /* Preview Assets.xcassets */; };
		2F5EDE462A2F5D8900707DCB /* testappdTests.swift in Sources */ = {isa = PBXBuildFile; fileRef = 2F5EDE452A2F5D8900707DCB /* testappdTests.swift */; };
		2F5EDE502A2F5D8900707DCB /* testappdUITests.swift in Sources */ = {isa = PBXBuildFile; fileRef = 2F5EDE4F2A2F5D8900707DCB /* testappdUITests.swift */; };
		2F5EDE522A2F5D8900707DCB /* testappdUITestsLaunchTests.swift in Sources */ = {isa = PBXBuildFile; fileRef = 2F5EDE512A2F5D8900707DCB /* testappdUITestsLaunchTests.swift */; };
		2F5EDE5F2A2F67A600707DCB /* QRPage.swift in Sources */ = {isa = PBXBuildFile; fileRef = 2F5EDE5E2A2F67A600707DCB /* QRPage.swift */; };
		2F5EDE612A2F6D3200707DCB /* ChartPage.swift in Sources */ = {isa = PBXBuildFile; fileRef = 2F5EDE602A2F6D3200707DCB /* ChartPage.swift */; };
		2F5EDE632A2F726500707DCB /* BonusPage.swift in Sources */ = {isa = PBXBuildFile; fileRef = 2F5EDE622A2F726500707DCB /* BonusPage.swift */; };
		2F5EDE652A2F727700707DCB /* BiometricsPage.swift in Sources */ = {isa = PBXBuildFile; fileRef = 2F5EDE642A2F727700707DCB /* BiometricsPage.swift */; };
		2F5EDE672A2F728B00707DCB /* NFCPage.swift in Sources */ = {isa = PBXBuildFile; fileRef = 2F5EDE662A2F728B00707DCB /* NFCPage.swift */; };
/* End PBXBuildFile section */

/* Begin PBXContainerItemProxy section */
		2F5EDE422A2F5D8900707DCB /* PBXContainerItemProxy */ = {
			isa = PBXContainerItemProxy;
			containerPortal = 2F5EDE292A2F5D8600707DCB /* Project object */;
			proxyType = 1;
			remoteGlobalIDString = 2F5EDE302A2F5D8600707DCB;
			remoteInfo = testappd;
		};
		2F5EDE4C2A2F5D8900707DCB /* PBXContainerItemProxy */ = {
			isa = PBXContainerItemProxy;
			containerPortal = 2F5EDE292A2F5D8600707DCB /* Project object */;
			proxyType = 1;
			remoteGlobalIDString = 2F5EDE302A2F5D8600707DCB;
			remoteInfo = testappd;
		};
/* End PBXContainerItemProxy section */

/* Begin PBXFileReference section */
		2F5EDE312A2F5D8600707DCB /* testappd.app */ = {isa = PBXFileReference; explicitFileType = wrapper.application; includeInIndex = 0; path = testappd.app; sourceTree = BUILT_PRODUCTS_DIR; };
		2F5EDE342A2F5D8600707DCB /* testappdApp.swift */ = {isa = PBXFileReference; lastKnownFileType = sourcecode.swift; path = testappdApp.swift; sourceTree = "<group>"; };
		2F5EDE362A2F5D8600707DCB /* ContentView.swift */ = {isa = PBXFileReference; lastKnownFileType = sourcecode.swift; path = ContentView.swift; sourceTree = "<group>"; };
		2F5EDE382A2F5D8800707DCB /* Assets.xcassets */ = {isa = PBXFileReference; lastKnownFileType = folder.assetcatalog; path = Assets.xcassets; sourceTree = "<group>"; };
		2F5EDE3B2A2F5D8800707DCB /* Preview Assets.xcassets */ = {isa = PBXFileReference; lastKnownFileType = folder.assetcatalog; path = "Preview Assets.xcassets"; sourceTree = "<group>"; };
		2F5EDE412A2F5D8900707DCB /* testappdTests.xctest */ = {isa = PBXFileReference; explicitFileType = wrapper.cfbundle; includeInIndex = 0; path = testappdTests.xctest; sourceTree = BUILT_PRODUCTS_DIR; };
		2F5EDE452A2F5D8900707DCB /* testappdTests.swift */ = {isa = PBXFileReference; lastKnownFileType = sourcecode.swift; path = testappdTests.swift; sourceTree = "<group>"; };
		2F5EDE4B2A2F5D8900707DCB /* testappdUITests.xctest */ = {isa = PBXFileReference; explicitFileType = wrapper.cfbundle; includeInIndex = 0; path = testappdUITests.xctest; sourceTree = BUILT_PRODUCTS_DIR; };
		2F5EDE4F2A2F5D8900707DCB /* testappdUITests.swift */ = {isa = PBXFileReference; lastKnownFileType = sourcecode.swift; path = testappdUITests.swift; sourceTree = "<group>"; };
		2F5EDE512A2F5D8900707DCB /* testappdUITestsLaunchTests.swift */ = {isa = PBXFileReference; lastKnownFileType = sourcecode.swift; path = testappdUITestsLaunchTests.swift; sourceTree = "<group>"; };
		2F5EDE5E2A2F67A600707DCB /* QRPage.swift */ = {isa = PBXFileReference; lastKnownFileType = sourcecode.swift; name = QRPage.swift; path = Pages/QRPage.swift; sourceTree = "<group>"; };
		2F5EDE602A2F6D3200707DCB /* ChartPage.swift */ = {isa = PBXFileReference; lastKnownFileType = sourcecode.swift; path = ChartPage.swift; sourceTree = "<group>"; };
		2F5EDE622A2F726500707DCB /* BonusPage.swift */ = {isa = PBXFileReference; lastKnownFileType = sourcecode.swift; path = BonusPage.swift; sourceTree = "<group>"; };
		2F5EDE642A2F727700707DCB /* BiometricsPage.swift */ = {isa = PBXFileReference; lastKnownFileType = sourcecode.swift; path = BiometricsPage.swift; sourceTree = "<group>"; };
		2F5EDE662A2F728B00707DCB /* NFCPage.swift */ = {isa = PBXFileReference; lastKnownFileType = sourcecode.swift; path = NFCPage.swift; sourceTree = "<group>"; };
/* End PBXFileReference section */

/* Begin PBXFrameworksBuildPhase section */
		2F5EDE2E2A2F5D8600707DCB /* Frameworks */ = {
			isa = PBXFrameworksBuildPhase;
			buildActionMask = 2147483647;
			files = (
			);
			runOnlyForDeploymentPostprocessing = 0;
		};
		2F5EDE3E2A2F5D8900707DCB /* Frameworks */ = {
			isa = PBXFrameworksBuildPhase;
			buildActionMask = 2147483647;
			files = (
			);
			runOnlyForDeploymentPostprocessing = 0;
		};
		2F5EDE482A2F5D8900707DCB /* Frameworks */ = {
			isa = PBXFrameworksBuildPhase;
			buildActionMask = 2147483647;
			files = (
			);
			runOnlyForDeploymentPostprocessing = 0;
		};
/* End PBXFrameworksBuildPhase section */

/* Begin PBXGroup section */
		2F5EDE282A2F5D8600707DCB = {
			isa = PBXGroup;
			children = (
				2F5EDE332A2F5D8600707DCB /* testappd */,
				2F5EDE442A2F5D8900707DCB /* testappdTests */,
				2F5EDE4E2A2F5D8900707DCB /* testappdUITests */,
				2F5EDE322A2F5D8600707DCB /* Products */,
			);
			sourceTree = "<group>";
		};
		2F5EDE322A2F5D8600707DCB /* Products */ = {
			isa = PBXGroup;
			children = (
				2F5EDE312A2F5D8600707DCB /* testappd.app */,
				2F5EDE412A2F5D8900707DCB /* testappdTests.xctest */,
				2F5EDE4B2A2F5D8900707DCB /* testappdUITests.xctest */,
			);
			name = Products;
			sourceTree = "<group>";
		};
		2F5EDE332A2F5D8600707DCB /* testappd */ = {
			isa = PBXGroup;
			children = (
				2F5EDE342A2F5D8600707DCB /* testappdApp.swift */,
				2F5EDE362A2F5D8600707DCB /* ContentView.swift */,
				2F5EDE382A2F5D8800707DCB /* Assets.xcassets */,
				2F5EDE3A2A2F5D8800707DCB /* Preview Content */,
				2F5EDE5E2A2F67A600707DCB /* QRPage.swift */,
				2F5EDE602A2F6D3200707DCB /* ChartPage.swift */,
				2F5EDE622A2F726500707DCB /* BonusPage.swift */,
				2F5EDE642A2F727700707DCB /* BiometricsPage.swift */,
				2F5EDE662A2F728B00707DCB /* NFCPage.swift */,
			);
			path = testappd;
			sourceTree = "<group>";
		};
		2F5EDE3A2A2F5D8800707DCB /* Preview Content */ = {
			isa = PBXGroup;
			children = (
				2F5EDE3B2A2F5D8800707DCB /* Preview Assets.xcassets */,
			);
			path = "Preview Content";
			sourceTree = "<group>";
		};
		2F5EDE442A2F5D8900707DCB /* testappdTests */ = {
			isa = PBXGroup;
			children = (
				2F5EDE452A2F5D8900707DCB /* testappdTests.swift */,
			);
			path = testappdTests;
			sourceTree = "<group>";
		};
		2F5EDE4E2A2F5D8900707DCB /* testappdUITests */ = {
			isa = PBXGroup;
			children = (
				2F5EDE4F2A2F5D8900707DCB /* testappdUITests.swift */,
				2F5EDE512A2F5D8900707DCB /* testappdUITestsLaunchTests.swift */,
			);
			path = testappdUITests;
			sourceTree = "<group>";
		};
/* End PBXGroup section */

/* Begin PBXNativeTarget section */
		2F5EDE302A2F5D8600707DCB /* testappd */ = {
			isa = PBXNativeTarget;
			buildConfigurationList = 2F5EDE552A2F5D8900707DCB /* Build configuration list for PBXNativeTarget "testappd" */;
			buildPhases = (
				2F5EDE2D2A2F5D8600707DCB /* Sources */,
				2F5EDE2E2A2F5D8600707DCB /* Frameworks */,
				2F5EDE2F2A2F5D8600707DCB /* Resources */,
			);
			buildRules = (
			);
			dependencies = (
			);
			name = testappd;
			productName = testappd;
			productReference = 2F5EDE312A2F5D8600707DCB /* testappd.app */;
			productType = "com.apple.product-type.application";
		};
		2F5EDE402A2F5D8900707DCB /* testappdTests */ = {
			isa = PBXNativeTarget;
			buildConfigurationList = 2F5EDE582A2F5D8900707DCB /* Build configuration list for PBXNativeTarget "testappdTests" */;
			buildPhases = (
				2F5EDE3D2A2F5D8900707DCB /* Sources */,
				2F5EDE3E2A2F5D8900707DCB /* Frameworks */,
				2F5EDE3F2A2F5D8900707DCB /* Resources */,
			);
			buildRules = (
			);
			dependencies = (
				2F5EDE432A2F5D8900707DCB /* PBXTargetDependency */,
			);
			name = testappdTests;
			productName = testappdTests;
			productReference = 2F5EDE412A2F5D8900707DCB /* testappdTests.xctest */;
			productType = "com.apple.product-type.bundle.unit-test";
		};
		2F5EDE4A2A2F5D8900707DCB /* testappdUITests */ = {
			isa = PBXNativeTarget;
			buildConfigurationList = 2F5EDE5B2A2F5D8900707DCB /* Build configuration list for PBXNativeTarget "testappdUITests" */;
			buildPhases = (
				2F5EDE472A2F5D8900707DCB /* Sources */,
				2F5EDE482A2F5D8900707DCB /* Frameworks */,
				2F5EDE492A2F5D8900707DCB /* Resources */,
			);
			buildRules = (
			);
			dependencies = (
				2F5EDE4D2A2F5D8900707DCB /* PBXTargetDependency */,
			);
			name = testappdUITests;
			productName = testappdUITests;
			productReference = 2F5EDE4B2A2F5D8900707DCB /* testappdUITests.xctest */;
			productType = "com.apple.product-type.bundle.ui-testing";
		};
/* End PBXNativeTarget section */

/* Begin PBXProject section */
		2F5EDE292A2F5D8600707DCB /* Project object */ = {
			isa = PBXProject;
			attributes = {
				BuildIndependentTargetsInParallel = 1;
				LastSwiftUpdateCheck = 1430;
				LastUpgradeCheck = 1430;
				TargetAttributes = {
					2F5EDE302A2F5D8600707DCB = {
						CreatedOnToolsVersion = 14.3.1;
					};
					2F5EDE402A2F5D8900707DCB = {
						CreatedOnToolsVersion = 14.3.1;
						TestTargetID = 2F5EDE302A2F5D8600707DCB;
					};
					2F5EDE4A2A2F5D8900707DCB = {
						CreatedOnToolsVersion = 14.3.1;
						TestTargetID = 2F5EDE302A2F5D8600707DCB;
					};
				};
			};
			buildConfigurationList = 2F5EDE2C2A2F5D8600707DCB /* Build configuration list for PBXProject "testappd" */;
			compatibilityVersion = "Xcode 14.0";
			developmentRegion = en;
			hasScannedForEncodings = 0;
			knownRegions = (
				en,
				Base,
			);
			mainGroup = 2F5EDE282A2F5D8600707DCB;
			productRefGroup = 2F5EDE322A2F5D8600707DCB /* Products */;
			projectDirPath = "";
			projectRoot = "";
			targets = (
				2F5EDE302A2F5D8600707DCB /* testappd */,
				2F5EDE402A2F5D8900707DCB /* testappdTests */,
				2F5EDE4A2A2F5D8900707DCB /* testappdUITests */,
			);
		};
/* End PBXProject section */

/* Begin PBXResourcesBuildPhase section */
		2F5EDE2F2A2F5D8600707DCB /* Resources */ = {
			isa = PBXResourcesBuildPhase;
			buildActionMask = 2147483647;
			files = (
				2F5EDE3C2A2F5D8800707DCB /* Preview Assets.xcassets in Resources */,
				2F5EDE392A2F5D8800707DCB /* Assets.xcassets in Resources */,
			);
			runOnlyForDeploymentPostprocessing = 0;
		};
		2F5EDE3F2A2F5D8900707DCB /* Resources */ = {
			isa = PBXResourcesBuildPhase;
			buildActionMask = 2147483647;
			files = (
			);
			runOnlyForDeploymentPostprocessing = 0;
		};
		2F5EDE492A2F5D8900707DCB /* Resources */ = {
			isa = PBXResourcesBuildPhase;
			buildActionMask = 2147483647;
			files = (
			);
			runOnlyForDeploymentPostprocessing = 0;
		};
/* End PBXResourcesBuildPhase section */

/* Begin PBXSourcesBuildPhase section */
		2F5EDE2D2A2F5D8600707DCB /* Sources */ = {
			isa = PBXSourcesBuildPhase;
			buildActionMask = 2147483647;
			files = (
				2F5EDE5F2A2F67A600707DCB /* QRPage.swift in Sources */,
				2F5EDE652A2F727700707DCB /* BiometricsPage.swift in Sources */,
				2F5EDE672A2F728B00707DCB /* NFCPage.swift in Sources */,
				2F5EDE612A2F6D3200707DCB /* ChartPage.swift in Sources */,
				2F5EDE632A2F726500707DCB /* BonusPage.swift in Sources */,
				2F5EDE372A2F5D8600707DCB /* ContentView.swift in Sources */,
				2F5EDE352A2F5D8600707DCB /* testappdApp.swift in Sources */,
			);
			runOnlyForDeploymentPostprocessing = 0;
		};
		2F5EDE3D2A2F5D8900707DCB /* Sources */ = {
			isa = PBXSourcesBuildPhase;
			buildActionMask = 2147483647;
			files = (
				2F5EDE462A2F5D8900707DCB /* testappdTests.swift in Sources */,
			);
			runOnlyForDeploymentPostprocessing = 0;
		};
		2F5EDE472A2F5D8900707DCB /* Sources */ = {
			isa = PBXSourcesBuildPhase;
			buildActionMask = 2147483647;
			files = (
				2F5EDE522A2F5D8900707DCB /* testappdUITestsLaunchTests.swift in Sources */,
				2F5EDE502A2F5D8900707DCB /* testappdUITests.swift in Sources */,
			);
			runOnlyForDeploymentPostprocessing = 0;
		};
/* End PBXSourcesBuildPhase section */

/* Begin PBXTargetDependency section */
		2F5EDE432A2F5D8900707DCB /* PBXTargetDependency */ = {
			isa = PBXTargetDependency;
			target = 2F5EDE302A2F5D8600707DCB /* testappd */;
			targetProxy = 2F5EDE422A2F5D8900707DCB /* PBXContainerItemProxy */;
		};
		2F5EDE4D2A2F5D8900707DCB /* PBXTargetDependency */ = {
			isa = PBXTargetDependency;
			target = 2F5EDE302A2F5D8600707DCB /* testappd */;
			targetProxy = 2F5EDE4C2A2F5D8900707DCB /* PBXContainerItemProxy */;
		};
/* End PBXTargetDependency section */

/* Begin XCBuildConfiguration section */
		2F5EDE532A2F5D8900707DCB /* Debug */ = {
			isa = XCBuildConfiguration;
			buildSettings = {
				ALWAYS_SEARCH_USER_PATHS = NO;
				CLANG_ANALYZER_NONNULL = YES;
				CLANG_ANALYZER_NUMBER_OBJECT_CONVERSION = YES_AGGRESSIVE;
				CLANG_CXX_LANGUAGE_STANDARD = "gnu++20";
				CLANG_ENABLE_MODULES = YES;
				CLANG_ENABLE_OBJC_ARC = YES;
				CLANG_ENABLE_OBJC_WEAK = YES;
				CLANG_WARN_BLOCK_CAPTURE_AUTORELEASING = YES;
				CLANG_WARN_BOOL_CONVERSION = YES;
				CLANG_WARN_COMMA = YES;
				CLANG_WARN_CONSTANT_CONVERSION = YES;
				CLANG_WARN_DEPRECATED_OBJC_IMPLEMENTATIONS = YES;
				CLANG_WARN_DIRECT_OBJC_ISA_USAGE = YES_ERROR;
				CLANG_WARN_DOCUMENTATION_COMMENTS = YES;
				CLANG_WARN_EMPTY_BODY = YES;
				CLANG_WARN_ENUM_CONVERSION = YES;
				CLANG_WARN_INFINITE_RECURSION = YES;
				CLANG_WARN_INT_CONVERSION = YES;
				CLANG_WARN_NON_LITERAL_NULL_CONVERSION = YES;
				CLANG_WARN_OBJC_IMPLICIT_RETAIN_SELF = YES;
				CLANG_WARN_OBJC_LITERAL_CONVERSION = YES;
				CLANG_WARN_OBJC_ROOT_CLASS = YES_ERROR;
				CLANG_WARN_QUOTED_INCLUDE_IN_FRAMEWORK_HEADER = YES;
				CLANG_WARN_RANGE_LOOP_ANALYSIS = YES;
				CLANG_WARN_STRICT_PROTOTYPES = YES;
				CLANG_WARN_SUSPICIOUS_MOVE = YES;
				CLANG_WARN_UNGUARDED_AVAILABILITY = YES_AGGRESSIVE;
				CLANG_WARN_UNREACHABLE_CODE = YES;
				CLANG_WARN__DUPLICATE_METHOD_MATCH = YES;
				COPY_PHASE_STRIP = NO;
				DEBUG_INFORMATION_FORMAT = dwarf;
				ENABLE_STRICT_OBJC_MSGSEND = YES;
				ENABLE_TESTABILITY = YES;
				GCC_C_LANGUAGE_STANDARD = gnu11;
				GCC_DYNAMIC_NO_PIC = NO;
				GCC_NO_COMMON_BLOCKS = YES;
				GCC_OPTIMIZATION_LEVEL = 0;
				GCC_PREPROCESSOR_DEFINITIONS = (
					"DEBUG=1",
					"$(inherited)",
				);
				GCC_WARN_64_TO_32_BIT_CONVERSION = YES;
				GCC_WARN_ABOUT_RETURN_TYPE = YES_ERROR;
				GCC_WARN_UNDECLARED_SELECTOR = YES;
				GCC_WARN_UNINITIALIZED_AUTOS = YES_AGGRESSIVE;
				GCC_WARN_UNUSED_FUNCTION = YES;
				GCC_WARN_UNUSED_VARIABLE = YES;
				IPHONEOS_DEPLOYMENT_TARGET = 16.4;
				MTL_ENABLE_DEBUG_INFO = INCLUDE_SOURCE;
				MTL_FAST_MATH = YES;
				ONLY_ACTIVE_ARCH = YES;
				SDKROOT = iphoneos;
				SWIFT_ACTIVE_COMPILATION_CONDITIONS = DEBUG;
				SWIFT_OPTIMIZATION_LEVEL = "-Onone";
			};
			name = Debug;
		};
		2F5EDE542A2F5D8900707DCB /* Release */ = {
			isa = XCBuildConfiguration;
			buildSettings = {
				ALWAYS_SEARCH_USER_PATHS = NO;
				CLANG_ANALYZER_NONNULL = YES;
				CLANG_ANALYZER_NUMBER_OBJECT_CONVERSION = YES_AGGRESSIVE;
				CLANG_CXX_LANGUAGE_STANDARD = "gnu++20";
				CLANG_ENABLE_MODULES = YES;
				CLANG_ENABLE_OBJC_ARC = YES;
				CLANG_ENABLE_OBJC_WEAK = YES;
				CLANG_WARN_BLOCK_CAPTURE_AUTORELEASING = YES;
				CLANG_WARN_BOOL_CONVERSION = YES;
				CLANG_WARN_COMMA = YES;
				CLANG_WARN_CONSTANT_CONVERSION = YES;
				CLANG_WARN_DEPRECATED_OBJC_IMPLEMENTATIONS = YES;
				CLANG_WARN_DIRECT_OBJC_ISA_USAGE = YES_ERROR;
				CLANG_WARN_DOCUMENTATION_COMMENTS = YES;
				CLANG_WARN_EMPTY_BODY = YES;
				CLANG_WARN_ENUM_CONVERSION = YES;
				CLANG_WARN_INFINITE_RECURSION = YES;
				CLANG_WARN_INT_CONVERSION = YES;
				CLANG_WARN_NON_LITERAL_NULL_CONVERSION = YES;
				CLANG_WARN_OBJC_IMPLICIT_RETAIN_SELF = YES;
				CLANG_WARN_OBJC_LITERAL_CONVERSION = YES;
				CLANG_WARN_OBJC_ROOT_CLASS = YES_ERROR;
				CLANG_WARN_QUOTED_INCLUDE_IN_FRAMEWORK_HEADER = YES;
				CLANG_WARN_RANGE_LOOP_ANALYSIS = YES;
				CLANG_WARN_STRICT_PROTOTYPES = YES;
				CLANG_WARN_SUSPICIOUS_MOVE = YES;
				CLANG_WARN_UNGUARDED_AVAILABILITY = YES_AGGRESSIVE;
				CLANG_WARN_UNREACHABLE_CODE = YES;
				CLANG_WARN__DUPLICATE_METHOD_MATCH = YES;
				COPY_PHASE_STRIP = NO;
				DEBUG_INFORMATION_FORMAT = "dwarf-with-dsym";
				ENABLE_NS_ASSERTIONS = NO;
				ENABLE_STRICT_OBJC_MSGSEND = YES;
				GCC_C_LANGUAGE_STANDARD = gnu11;
				GCC_NO_COMMON_BLOCKS = YES;
				GCC_WARN_64_TO_32_BIT_CONVERSION = YES;
				GCC_WARN_ABOUT_RETURN_TYPE = YES_ERROR;
				GCC_WARN_UNDECLARED_SELECTOR = YES;
				GCC_WARN_UNINITIALIZED_AUTOS = YES_AGGRESSIVE;
				GCC_WARN_UNUSED_FUNCTION = YES;
				GCC_WARN_UNUSED_VARIABLE = YES;
				IPHONEOS_DEPLOYMENT_TARGET = 16.4;
				MTL_ENABLE_DEBUG_INFO = NO;
				MTL_FAST_MATH = YES;
				SDKROOT = iphoneos;
				SWIFT_COMPILATION_MODE = wholemodule;
				SWIFT_OPTIMIZATION_LEVEL = "-O";
				VALIDATE_PRODUCT = YES;
			};
			name = Release;
		};
		2F5EDE562A2F5D8900707DCB /* Debug */ = {
			isa = XCBuildConfiguration;
			buildSettings = {
				ASSETCATALOG_COMPILER_APPICON_NAME = AppIcon;
				ASSETCATALOG_COMPILER_GLOBAL_ACCENT_COLOR_NAME = AccentColor;
				CODE_SIGN_STYLE = Automatic;
				CURRENT_PROJECT_VERSION = 1;
				DEVELOPMENT_ASSET_PATHS = "\"testappd/Preview Content\"";
				ENABLE_PREVIEWS = YES;
				GENERATE_INFOPLIST_FILE = YES;
				INFOPLIST_KEY_UIApplicationSceneManifest_Generation = YES;
				INFOPLIST_KEY_UIApplicationSupportsIndirectInputEvents = YES;
				INFOPLIST_KEY_UILaunchScreen_Generation = YES;
				INFOPLIST_KEY_UISupportedInterfaceOrientations_iPad = "UIInterfaceOrientationPortrait UIInterfaceOrientationPortraitUpsideDown UIInterfaceOrientationLandscapeLeft UIInterfaceOrientationLandscapeRight";
				INFOPLIST_KEY_UISupportedInterfaceOrientations_iPhone = "UIInterfaceOrientationPortrait UIInterfaceOrientationLandscapeLeft UIInterfaceOrientationLandscapeRight";
				LD_RUNPATH_SEARCH_PATHS = (
					"$(inherited)",
					"@executable_path/Frameworks",
				);
				MARKETING_VERSION = 1.0;
				PRODUCT_BUNDLE_IDENTIFIER = com.kerridge.testappd;
				PRODUCT_NAME = "$(TARGET_NAME)";
				SWIFT_EMIT_LOC_STRINGS = YES;
				SWIFT_VERSION = 5.0;
				TARGETED_DEVICE_FAMILY = "1,2";
			};
			name = Debug;
		};
		2F5EDE572A2F5D8900707DCB /* Release */ = {
			isa = XCBuildConfiguration;
			buildSettings = {
				ASSETCATALOG_COMPILER_APPICON_NAME = AppIcon;
				ASSETCATALOG_COMPILER_GLOBAL_ACCENT_COLOR_NAME = AccentColor;
				CODE_SIGN_STYLE = Automatic;
				CURRENT_PROJECT_VERSION = 1;
				DEVELOPMENT_ASSET_PATHS = "\"testappd/Preview Content\"";
				ENABLE_PREVIEWS = YES;
				GENERATE_INFOPLIST_FILE = YES;
				INFOPLIST_KEY_UIApplicationSceneManifest_Generation = YES;
				INFOPLIST_KEY_UIApplicationSupportsIndirectInputEvents = YES;
				INFOPLIST_KEY_UILaunchScreen_Generation = YES;
				INFOPLIST_KEY_UISupportedInterfaceOrientations_iPad = "UIInterfaceOrientationPortrait UIInterfaceOrientationPortraitUpsideDown UIInterfaceOrientationLandscapeLeft UIInterfaceOrientationLandscapeRight";
				INFOPLIST_KEY_UISupportedInterfaceOrientations_iPhone = "UIInterfaceOrientationPortrait UIInterfaceOrientationLandscapeLeft UIInterfaceOrientationLandscapeRight";
				LD_RUNPATH_SEARCH_PATHS = (
					"$(inherited)",
					"@executable_path/Frameworks",
				);
				MARKETING_VERSION = 1.0;
				PRODUCT_BUNDLE_IDENTIFIER = com.kerridge.testappd;
				PRODUCT_NAME = "$(TARGET_NAME)";
				SWIFT_EMIT_LOC_STRINGS = YES;
				SWIFT_VERSION = 5.0;
				TARGETED_DEVICE_FAMILY = "1,2";
			};
			name = Release;
		};
		2F5EDE592A2F5D8900707DCB /* Debug */ = {
			isa = XCBuildConfiguration;
			buildSettings = {
				ALWAYS_EMBED_SWIFT_STANDARD_LIBRARIES = YES;
				BUNDLE_LOADER = "$(TEST_HOST)";
				CODE_SIGN_STYLE = Automatic;
				CURRENT_PROJECT_VERSION = 1;
				GENERATE_INFOPLIST_FILE = YES;
				IPHONEOS_DEPLOYMENT_TARGET = 16.4;
				MARKETING_VERSION = 1.0;
				PRODUCT_BUNDLE_IDENTIFIER = com.kerridge.testappdTests;
				PRODUCT_NAME = "$(TARGET_NAME)";
				SWIFT_EMIT_LOC_STRINGS = NO;
				SWIFT_VERSION = 5.0;
				TARGETED_DEVICE_FAMILY = "1,2";
				TEST_HOST = "$(BUILT_PRODUCTS_DIR)/testappd.app/$(BUNDLE_EXECUTABLE_FOLDER_PATH)/testappd";
			};
			name = Debug;
		};
		2F5EDE5A2A2F5D8900707DCB /* Release */ = {
			isa = XCBuildConfiguration;
			buildSettings = {
				ALWAYS_EMBED_SWIFT_STANDARD_LIBRARIES = YES;
				BUNDLE_LOADER = "$(TEST_HOST)";
				CODE_SIGN_STYLE = Automatic;
				CURRENT_PROJECT_VERSION = 1;
				GENERATE_INFOPLIST_FILE = YES;
				IPHONEOS_DEPLOYMENT_TARGET = 16.4;
				MARKETING_VERSION = 1.0;
				PRODUCT_BUNDLE_IDENTIFIER = com.kerridge.testappdTests;
				PRODUCT_NAME = "$(TARGET_NAME)";
				SWIFT_EMIT_LOC_STRINGS = NO;
				SWIFT_VERSION = 5.0;
				TARGETED_DEVICE_FAMILY = "1,2";
				TEST_HOST = "$(BUILT_PRODUCTS_DIR)/testappd.app/$(BUNDLE_EXECUTABLE_FOLDER_PATH)/testappd";
			};
			name = Release;
		};
		2F5EDE5C2A2F5D8900707DCB /* Debug */ = {
			isa = XCBuildConfiguration;
			buildSettings = {
				ALWAYS_EMBED_SWIFT_STANDARD_LIBRARIES = YES;
				CODE_SIGN_STYLE = Automatic;
				CURRENT_PROJECT_VERSION = 1;
				GENERATE_INFOPLIST_FILE = YES;
				MARKETING_VERSION = 1.0;
				PRODUCT_BUNDLE_IDENTIFIER = com.kerridge.testappdUITests;
				PRODUCT_NAME = "$(TARGET_NAME)";
				SWIFT_EMIT_LOC_STRINGS = NO;
				SWIFT_VERSION = 5.0;
				TARGETED_DEVICE_FAMILY = "1,2";
				TEST_TARGET_NAME = testappd;
			};
			name = Debug;
		};
		2F5EDE5D2A2F5D8900707DCB /* Release */ = {
			isa = XCBuildConfiguration;
			buildSettings = {
				ALWAYS_EMBED_SWIFT_STANDARD_LIBRARIES = YES;
				CODE_SIGN_STYLE = Automatic;
				CURRENT_PROJECT_VERSION = 1;
				GENERATE_INFOPLIST_FILE = YES;
				MARKETING_VERSION = 1.0;
				PRODUCT_BUNDLE_IDENTIFIER = com.kerridge.testappdUITests;
				PRODUCT_NAME = "$(TARGET_NAME)";
				SWIFT_EMIT_LOC_STRINGS = NO;
				SWIFT_VERSION = 5.0;
				TARGETED_DEVICE_FAMILY = "1,2";
				TEST_TARGET_NAME = testappd;
			};
			name = Release;
		};
/* End XCBuildConfiguration section */

/* Begin XCConfigurationList section */
		2F5EDE2C2A2F5D8600707DCB /* Build configuration list for PBXProject "testappd" */ = {
			isa = XCConfigurationList;
			buildConfigurations = (
				2F5EDE532A2F5D8900707DCB /* Debug */,
				2F5EDE542A2F5D8900707DCB /* Release */,
			);
			defaultConfigurationIsVisible = 0;
			defaultConfigurationName = Release;
		};
		2F5EDE552A2F5D8900707DCB /* Build configuration list for PBXNativeTarget "testappd" */ = {
			isa = XCConfigurationList;
			buildConfigurations = (
				2F5EDE562A2F5D8900707DCB /* Debug */,
				2F5EDE572A2F5D8900707DCB /* Release */,
			);
			defaultConfigurationIsVisible = 0;
			defaultConfigurationName = Release;
		};
		2F5EDE582A2F5D8900707DCB /* Build configuration list for PBXNativeTarget "testappdTests" */ = {
			isa = XCConfigurationList;
			buildConfigurations = (
				2F5EDE592A2F5D8900707DCB /* Debug */,
				2F5EDE5A2A2F5D8900707DCB /* Release */,
			);
			defaultConfigurationIsVisible = 0;
			defaultConfigurationName = Release;
		};
		2F5EDE5B2A2F5D8900707DCB /* Build configuration list for PBXNativeTarget "testappdUITests" */ = {
			isa = XCConfigurationList;
			buildConfigurations = (
				2F5EDE5C2A2F5D8900707DCB /* Debug */,
				2F5EDE5D2A2F5D8900707DCB /* Release */,
			);
			defaultConfigurationIsVisible = 0;
			defaultConfigurationName = Release;
		};
/* End XCConfigurationList section */
	};
	rootObject = 2F5EDE292A2F5D8600707DCB /* Project object */;
}
